
Microsoft Visual Studio Solution File, Format Version 12.00
# Visual Studio Version 17
VisualStudioVersion = 17.5.33516.290
MinimumVisualStudioVersion = 10.0.40219.1
Project("{FAE04EC0-301F-11D3-BF4B-00C04F79EFBC}") = "yazilimweb", "yaziliweb\yazilimweb.csproj", "{5736407A-61B1-4DA6-BF26-65E61AD5EED6}"
EndProject
Global
	GlobalSection(SolutionConfigurationPlatforms) = preSolution
		Debug|Any CPU = Debug|Any CPU
		Release|Any CPU = Release|Any CPU
	EndGlobalSection
	GlobalSection(ProjectConfigurationPlatforms) = postSolution
		{5736407A-61B1-4DA6-BF26-65E61AD5EED6}.Debug|Any CPU.ActiveCfg = Debug|Any CPU
		{5736407A-61B1-4DA6-BF26-65E61AD5EED6}.Debug|Any CPU.Build.0 = Debug|Any CPU
		{5736407A-61B1-4DA6-BF26-65E61AD5EED6}.Release|Any CPU.ActiveCfg = Release|Any CPU
		{5736407A-61B1-4DA6-BF26-65E61AD5EED6}.Release|Any CPU.Build.0 = Release|Any CPU
	EndGlobalSection
	GlobalSection(SolutionProperties) = preSolution
		HideSolutionNode = FALSE
	EndGlobalSection
	GlobalSection(ExtensibilityGlobals) = postSolution
		SolutionGuid = {2C6016F8-0E28-4893-A189-794493705740}
	EndGlobalSection
EndGlobal
